
Microsoft Visual Studio Solution File, Format Version 12.00
# Visual Studio 14
VisualStudioVersion = 14.0.25420.1
MinimumVisualStudioVersion = 10.0.40219.1
Project("{FAE04EC0-301F-11D3-BF4B-00C04F79EFBC}") = "ExamWebAPI", "ExamWebAPI\ExamWebAPI.csproj", "{CC39E72E-E2DD-40FF-98F7-86F7E2F2A01E}"
EndProject
Project("{FAE04EC0-301F-11D3-BF4B-00C04F79EFBC}") = "DisplayHello", "Console\DisplayHello\DisplayHello.csproj", "{2F608C55-A568-49D7-97DB-4327A6FC74AF}"
EndProject
Project("{FAE04EC0-301F-11D3-BF4B-00C04F79EFBC}") = "ExamWebAPI.Tests", "Test\ExamWebAPI_UnitTest\ExamWebAPI.Tests.csproj", "{03A6AFC5-E342-41A0-B539-27812EDEDF17}"
EndProject
Global
	GlobalSection(SolutionConfigurationPlatforms) = preSolution
		Debug|Any CPU = Debug|Any CPU
		Release|Any CPU = Release|Any CPU
	EndGlobalSection
	GlobalSection(ProjectConfigurationPlatforms) = postSolution
		{CC39E72E-E2DD-40FF-98F7-86F7E2F2A01E}.Debug|Any CPU.ActiveCfg = Debug|Any CPU
		{CC39E72E-E2DD-40FF-98F7-86F7E2F2A01E}.Debug|Any CPU.Build.0 = Debug|Any CPU
		{CC39E72E-E2DD-40FF-98F7-86F7E2F2A01E}.Release|Any CPU.ActiveCfg = Release|Any CPU
		{CC39E72E-E2DD-40FF-98F7-86F7E2F2A01E}.Release|Any CPU.Build.0 = Release|Any CPU
		{2F608C55-A568-49D7-97DB-4327A6FC74AF}.Debug|Any CPU.ActiveCfg = Debug|Any CPU
		{2F608C55-A568-49D7-97DB-4327A6FC74AF}.Debug|Any CPU.Build.0 = Debug|Any CPU
		{2F608C55-A568-49D7-97DB-4327A6FC74AF}.Release|Any CPU.ActiveCfg = Release|Any CPU
		{2F608C55-A568-49D7-97DB-4327A6FC74AF}.Release|Any CPU.Build.0 = Release|Any CPU
		{03A6AFC5-E342-41A0-B539-27812EDEDF17}.Debug|Any CPU.ActiveCfg = Debug|Any CPU
		{03A6AFC5-E342-41A0-B539-27812EDEDF17}.Debug|Any CPU.Build.0 = Debug|Any CPU
		{03A6AFC5-E342-41A0-B539-27812EDEDF17}.Release|Any CPU.ActiveCfg = Release|Any CPU
		{03A6AFC5-E342-41A0-B539-27812EDEDF17}.Release|Any CPU.Build.0 = Release|Any CPU
	EndGlobalSection
	GlobalSection(SolutionProperties) = preSolution
		HideSolutionNode = FALSE
	EndGlobalSection
EndGlobal
